{
  "nodes": {
    "nixpkgs": {
      "locked": {
        "lastModified": 1692174090,
        "narHash": "sha256-WOSDyYvfezPiOm8v7e4mMVvpS6hkn8PGzUNMmvHbP9Q=",
        "owner": "NixOS",
        "repo": "nixpkgs",
        "rev": "1daf1298306546c39b3ed0e336a63a02339d4d0a",
        "type": "github"
      },
      "original": {
        "owner": "NixOS",
        "repo": "nixpkgs",
        "rev": "1daf1298306546c39b3ed0e336a63a02339d4d0a",
        "type": "github"
      }
    },
    "root": {
      "inputs": {
        "nixpkgs": "nixpkgs"
      }
    }
  },
  "root": "root",
  "version": 7
}
